<?xml version="1.0" encoding="utf-8"?>
<Project ToolsVersion="4.0" xmlns="http://schemas.microsoft.com/developer/msbuild/2003">
  <ItemGroup>
    <Filter Include="Source Files">
      <UniqueIdentifier>{4FC737F1-C7A5-4376-A066-2A32D752A2FF}</UniqueIdentifier>
      <Extensions>cpp;c;cc;cxx;c++;cppm;ixx;def;odl;idl;hpj;bat;asm;asmx</Extensions>
    </Filter>
    <Filter Include="Header Files">
      <UniqueIdentifier>{93995380-89BD-4b04-88EB-625FBE52EBFB}</UniqueIdentifier>
      <Extensions>h;hh;hpp;hxx;h++;hm;inl;inc;ipp;xsd</Extensions>
    </Filter>
    <Filter Include="Libraries">
      <UniqueIdentifier>{bc8cbee4-005c-4ee9-b1ce-611dd6ffaee3}</UniqueIdentifier>
    </Filter>
    <Filter Include="Libraries\PacketSerial">
      <UniqueIdentifier>{2d5a3cc9-1793-435c-b2b6-311ee6324446}</UniqueIdentifier>
    </Filter>
    <Filter Include="Libraries\SerialPort">
      <UniqueIdentifier>{7dd5987b-45bc-4cec-98a3-ef576a5125a4}</UniqueIdentifier>
    </Filter>
    <Filter Include="Libraries\FastCRC">
      <UniqueIdentifier>{63d5e32f-916e-462c-a512-0a62cc6cf4de}</UniqueIdentifier>
    </Filter>
  </ItemGroup>
  <ItemGroup>
    <ClCompile Include="src\funicular-conductor.cpp">
      <Filter>Source Files</Filter>
    </ClCompile>
    <ClCompile Include="src\controller.cpp">
      <Filter>Source Files</Filter>
    </ClCompile>
    <ClCompile Include="src\comms.cpp">
      <Filter>Source Files</Filter>
    </ClCompile>
    <ClCompile Include="lib\SerialPort\SerialPort.cpp">
      <Filter>Libraries\SerialPort</Filter>
    </ClCompile>
    <ClCompile Include="lib\FastCRC\FastCRCsw.cpp">
      <Filter>Libraries\FastCRC</Filter>
    </ClCompile>
    <ClCompile Include="src\moduleMath.cpp">
      <Filter>Source Files</Filter>
    </ClCompile>
  </ItemGroup>
  <ItemGroup>
    <ClInclude Include="include\botConstants.h">
      <Filter>Header Files</Filter>
    </ClInclude>
    <ClInclude Include="include\controller.h">
      <Filter>Header Files</Filter>
    </ClInclude>
    <ClInclude Include="include\modeSelector.h">
      <Filter>Header Files</Filter>
    </ClInclude>
    <ClInclude Include="include\comms.h">
      <Filter>Header Files</Filter>
    </ClInclude>
    <ClInclude Include="lib\SerialPort\SerialPort.hpp">
      <Filter>Libraries\SerialPort</Filter>
    </ClInclude>
    <ClInclude Include="lib\PacketSerial\PacketSerial.h">
      <Filter>Libraries\PacketSerial</Filter>
    </ClInclude>
    <ClInclude Include="lib\PacketSerial\Encoding\COBS.h">
      <Filter>Libraries\PacketSerial</Filter>
    </ClInclude>
    <ClInclude Include="lib\FastCRC\FastCRC.h">
      <Filter>Libraries\FastCRC</Filter>
    </ClInclude>
    <ClInclude Include="lib\FastCRC\FastCRC_cpu.h">
      <Filter>Libraries\FastCRC</Filter>
    </ClInclude>
    <ClInclude Include="lib\FastCRC\FastCRC_tables.h">
      <Filter>Libraries\FastCRC</Filter>
    </ClInclude>
    <ClInclude Include="include\moduleMath.h">
      <Filter>Header Files</Filter>
    </ClInclude>
    <ClInclude Include="include\radio_defs.h">
      <Filter>Header Files</Filter>
    </ClInclude>
  </ItemGroup>
</Project>